
Microsoft Visual Studio Solution File, Format Version 12.00
# Visual Studio Version 16
VisualStudioVersion = 16.0.30907.101
MinimumVisualStudioVersion = 10.0.40219.1
Project("{FAE04EC0-301F-11D3-BF4B-00C04F79EFBC}") = "KATA.Supermarket.Test", "KATA.Supermarket.Test\KATA.Supermarket.Test.csproj", "{88756471-52EA-4CB4-B618-094C05FE7287}"
EndProject
Project("{FAE04EC0-301F-11D3-BF4B-00C04F79EFBC}") = "KATA.Supermarket", "KATA.Supermarket\KATA.Supermarket.csproj", "{30EDF9EF-FF81-4501-8B9A-05419CFFD961}"
EndProject
Global
	GlobalSection(SolutionConfigurationPlatforms) = preSolution
		Debug|Any CPU = Debug|Any CPU
		Release|Any CPU = Release|Any CPU
	EndGlobalSection
	GlobalSection(ProjectConfigurationPlatforms) = postSolution
		{88756471-52EA-4CB4-B618-094C05FE7287}.Debug|Any CPU.ActiveCfg = Debug|Any CPU
		{88756471-52EA-4CB4-B618-094C05FE7287}.Debug|Any CPU.Build.0 = Debug|Any CPU
		{88756471-52EA-4CB4-B618-094C05FE7287}.Release|Any CPU.ActiveCfg = Release|Any CPU
		{88756471-52EA-4CB4-B618-094C05FE7287}.Release|Any CPU.Build.0 = Release|Any CPU
		{30EDF9EF-FF81-4501-8B9A-05419CFFD961}.Debug|Any CPU.ActiveCfg = Debug|Any CPU
		{30EDF9EF-FF81-4501-8B9A-05419CFFD961}.Debug|Any CPU.Build.0 = Debug|Any CPU
		{30EDF9EF-FF81-4501-8B9A-05419CFFD961}.Release|Any CPU.ActiveCfg = Release|Any CPU
		{30EDF9EF-FF81-4501-8B9A-05419CFFD961}.Release|Any CPU.Build.0 = Release|Any CPU
	EndGlobalSection
	GlobalSection(SolutionProperties) = preSolution
		HideSolutionNode = FALSE
	EndGlobalSection
	GlobalSection(ExtensibilityGlobals) = postSolution
		SolutionGuid = {DCE16016-BA02-461B-938D-D80683AD2AA5}
	EndGlobalSection
EndGlobal
